
Microsoft Visual Studio Solution File, Format Version 12.00
# Visual Studio Version 16
VisualStudioVersion = 16.0.31112.23
MinimumVisualStudioVersion = 10.0.40219.1
Project("{FAE04EC0-301F-11D3-BF4B-00C04F79EFBC}") = "NullLib.ConsoleTable", "NullLib.ConsoleTable\NullLib.ConsoleTable.csproj", "{C3ED9712-D2C9-4E52-AD4B-A2E1C584E552}"
EndProject
Project("{FAE04EC0-301F-11D3-BF4B-00C04F79EFBC}") = "TestConsole", "TestConsole\TestConsole.csproj", "{311827AF-37F3-40D1-91BD-B69EE469C046}"
EndProject
Global
	GlobalSection(SolutionConfigurationPlatforms) = preSolution
		Debug|Any CPU = Debug|Any CPU
		Release|Any CPU = Release|Any CPU
	EndGlobalSection
	GlobalSection(ProjectConfigurationPlatforms) = postSolution
		{C3ED9712-D2C9-4E52-AD4B-A2E1C584E552}.Debug|Any CPU.ActiveCfg = Debug|Any CPU
		{C3ED9712-D2C9-4E52-AD4B-A2E1C584E552}.Debug|Any CPU.Build.0 = Debug|Any CPU
		{C3ED9712-D2C9-4E52-AD4B-A2E1C584E552}.Release|Any CPU.ActiveCfg = Release|Any CPU
		{C3ED9712-D2C9-4E52-AD4B-A2E1C584E552}.Release|Any CPU.Build.0 = Release|Any CPU
		{311827AF-37F3-40D1-91BD-B69EE469C046}.Debug|Any CPU.ActiveCfg = Debug|Any CPU
		{311827AF-37F3-40D1-91BD-B69EE469C046}.Debug|Any CPU.Build.0 = Debug|Any CPU
		{311827AF-37F3-40D1-91BD-B69EE469C046}.Release|Any CPU.ActiveCfg = Release|Any CPU
		{311827AF-37F3-40D1-91BD-B69EE469C046}.Release|Any CPU.Build.0 = Release|Any CPU
	EndGlobalSection
	GlobalSection(SolutionProperties) = preSolution
		HideSolutionNode = FALSE
	EndGlobalSection
	GlobalSection(ExtensibilityGlobals) = postSolution
		SolutionGuid = {11B46CEB-94F7-4C28-BF32-C7CE89BC5E7E}
	EndGlobalSection
EndGlobal
